
Microsoft Visual Studio Solution File, Format Version 12.00
# Visual Studio Version 17
VisualStudioVersion = 17.13.35931.197 d17.13
MinimumVisualStudioVersion = 10.0.40219.1
Project("{FAE04EC0-301F-11D3-BF4B-00C04F79EFBC}") = "MAINNN", "MAINNN\MAINNN.csproj", "{59E1DC7A-4107-407D-A3B8-0594511CF6D4}"
EndProject
Project("{FAE04EC0-301F-11D3-BF4B-00C04F79EFBC}") = "SUPORT", "SUPORT\SUPORT.csproj", "{E43266D8-6F2D-43B9-938F-8465422A010F}"
EndProject
Project("{FAE04EC0-301F-11D3-BF4B-00C04F79EFBC}") = "College", "College\College.csproj", "{955BB826-4EA2-4AAD-B04D-EB14F8ACC0AF}"
EndProject
Global
	GlobalSection(SolutionConfigurationPlatforms) = preSolution
		Debug|Any CPU = Debug|Any CPU
		Release|Any CPU = Release|Any CPU
	EndGlobalSection
	GlobalSection(ProjectConfigurationPlatforms) = postSolution
		{59E1DC7A-4107-407D-A3B8-0594511CF6D4}.Debug|Any CPU.ActiveCfg = Debug|Any CPU
		{59E1DC7A-4107-407D-A3B8-0594511CF6D4}.Debug|Any CPU.Build.0 = Debug|Any CPU
		{59E1DC7A-4107-407D-A3B8-0594511CF6D4}.Release|Any CPU.ActiveCfg = Release|Any CPU
		{59E1DC7A-4107-407D-A3B8-0594511CF6D4}.Release|Any CPU.Build.0 = Release|Any CPU
		{E43266D8-6F2D-43B9-938F-8465422A010F}.Debug|Any CPU.ActiveCfg = Debug|Any CPU
		{E43266D8-6F2D-43B9-938F-8465422A010F}.Debug|Any CPU.Build.0 = Debug|Any CPU
		{E43266D8-6F2D-43B9-938F-8465422A010F}.Release|Any CPU.ActiveCfg = Release|Any CPU
		{E43266D8-6F2D-43B9-938F-8465422A010F}.Release|Any CPU.Build.0 = Release|Any CPU
		{955BB826-4EA2-4AAD-B04D-EB14F8ACC0AF}.Debug|Any CPU.ActiveCfg = Debug|Any CPU
		{955BB826-4EA2-4AAD-B04D-EB14F8ACC0AF}.Debug|Any CPU.Build.0 = Debug|Any CPU
		{955BB826-4EA2-4AAD-B04D-EB14F8ACC0AF}.Release|Any CPU.ActiveCfg = Release|Any CPU
		{955BB826-4EA2-4AAD-B04D-EB14F8ACC0AF}.Release|Any CPU.Build.0 = Release|Any CPU
	EndGlobalSection
	GlobalSection(SolutionProperties) = preSolution
		HideSolutionNode = FALSE
	EndGlobalSection
	GlobalSection(ExtensibilityGlobals) = postSolution
		SolutionGuid = {4D7B1D1F-7AE2-492C-99A5-8C8D954D4C12}
	EndGlobalSection
EndGlobal
