
Microsoft Visual Studio Solution File, Format Version 12.00
# Visual Studio Version 17
VisualStudioVersion = 17.13.35931.197 d17.13
MinimumVisualStudioVersion = 10.0.40219.1
Project("{FAE04EC0-301F-11D3-BF4B-00C04F79EFBC}") = "Survey System", "Survey System\Survey System.csproj", "{CFCA3FD5-D935-4836-A1F3-224E6598984A}"
EndProject
Global
	GlobalSection(SolutionConfigurationPlatforms) = preSolution
		Debug|Any CPU = Debug|Any CPU
		Release|Any CPU = Release|Any CPU
	EndGlobalSection
	GlobalSection(ProjectConfigurationPlatforms) = postSolution
		{CFCA3FD5-D935-4836-A1F3-224E6598984A}.Debug|Any CPU.ActiveCfg = Debug|Any CPU
		{CFCA3FD5-D935-4836-A1F3-224E6598984A}.Debug|Any CPU.Build.0 = Debug|Any CPU
		{CFCA3FD5-D935-4836-A1F3-224E6598984A}.Release|Any CPU.ActiveCfg = Release|Any CPU
		{CFCA3FD5-D935-4836-A1F3-224E6598984A}.Release|Any CPU.Build.0 = Release|Any CPU
	EndGlobalSection
	GlobalSection(SolutionProperties) = preSolution
		HideSolutionNode = FALSE
	EndGlobalSection
	GlobalSection(ExtensibilityGlobals) = postSolution
		SolutionGuid = {88C2F501-A049-4249-8FEE-13A514286584}
	EndGlobalSection
EndGlobal
