
Microsoft Visual Studio Solution File, Format Version 12.00
# Visual Studio Version 17
VisualStudioVersion = 17.13.35931.197 d17.13
MinimumVisualStudioVersion = 10.0.40219.1
Project("{FAE04EC0-301F-11D3-BF4B-00C04F79EFBC}") = "Survey_Project", "Survey_Project\Survey_Project.csproj", "{C6C2978F-B7BB-46CD-97AB-2A3AE6BDA59F}"
EndProject
Global
	GlobalSection(SolutionConfigurationPlatforms) = preSolution
		Debug|Any CPU = Debug|Any CPU
		Release|Any CPU = Release|Any CPU
	EndGlobalSection
	GlobalSection(ProjectConfigurationPlatforms) = postSolution
		{C6C2978F-B7BB-46CD-97AB-2A3AE6BDA59F}.Debug|Any CPU.ActiveCfg = Debug|Any CPU
		{C6C2978F-B7BB-46CD-97AB-2A3AE6BDA59F}.Debug|Any CPU.Build.0 = Debug|Any CPU
		{C6C2978F-B7BB-46CD-97AB-2A3AE6BDA59F}.Release|Any CPU.ActiveCfg = Release|Any CPU
		{C6C2978F-B7BB-46CD-97AB-2A3AE6BDA59F}.Release|Any CPU.Build.0 = Release|Any CPU
	EndGlobalSection
	GlobalSection(SolutionProperties) = preSolution
		HideSolutionNode = FALSE
	EndGlobalSection
	GlobalSection(ExtensibilityGlobals) = postSolution
		SolutionGuid = {9D112616-C952-4460-961B-D812C090A054}
	EndGlobalSection
EndGlobal
