
Microsoft Visual Studio Solution File, Format Version 12.00
# Visual Studio Version 17
VisualStudioVersion = 17.13.35931.197 d17.13
MinimumVisualStudioVersion = 10.0.40219.1
Project("{FAE04EC0-301F-11D3-BF4B-00C04F79EFBC}") = "delegate_of_array_type", "delegate_of_array_type\delegate_of_array_type.csproj", "{3966E6EE-64F3-421B-876D-F72F6FE73F82}"
EndProject
Global
	GlobalSection(SolutionConfigurationPlatforms) = preSolution
		Debug|Any CPU = Debug|Any CPU
		Release|Any CPU = Release|Any CPU
	EndGlobalSection
	GlobalSection(ProjectConfigurationPlatforms) = postSolution
		{3966E6EE-64F3-421B-876D-F72F6FE73F82}.Debug|Any CPU.ActiveCfg = Debug|Any CPU
		{3966E6EE-64F3-421B-876D-F72F6FE73F82}.Debug|Any CPU.Build.0 = Debug|Any CPU
		{3966E6EE-64F3-421B-876D-F72F6FE73F82}.Release|Any CPU.ActiveCfg = Release|Any CPU
		{3966E6EE-64F3-421B-876D-F72F6FE73F82}.Release|Any CPU.Build.0 = Release|Any CPU
	EndGlobalSection
	GlobalSection(SolutionProperties) = preSolution
		HideSolutionNode = FALSE
	EndGlobalSection
	GlobalSection(ExtensibilityGlobals) = postSolution
		SolutionGuid = {0139DEEF-9F65-44A7-B2C2-7F71248EDF1A}
	EndGlobalSection
EndGlobal
