
Microsoft Visual Studio Solution File, Format Version 12.00
# Visual Studio Version 17
VisualStudioVersion = 17.13.35931.197 d17.13
MinimumVisualStudioVersion = 10.0.40219.1
Project("{FAE04EC0-301F-11D3-BF4B-00C04F79EFBC}") = "generics", "generics\generics.csproj", "{FEFED90C-DD10-4B7B-9831-9CC757CDAA83}"
EndProject
Project("{FAE04EC0-301F-11D3-BF4B-00C04F79EFBC}") = "ClassLibrary", "ClassLibrary\ClassLibrary.csproj", "{2C433546-494D-450E-9B03-A9AA48580561}"
EndProject
Global
	GlobalSection(SolutionConfigurationPlatforms) = preSolution
		Debug|Any CPU = Debug|Any CPU
		Release|Any CPU = Release|Any CPU
	EndGlobalSection
	GlobalSection(ProjectConfigurationPlatforms) = postSolution
		{FEFED90C-DD10-4B7B-9831-9CC757CDAA83}.Debug|Any CPU.ActiveCfg = Debug|Any CPU
		{FEFED90C-DD10-4B7B-9831-9CC757CDAA83}.Debug|Any CPU.Build.0 = Debug|Any CPU
		{FEFED90C-DD10-4B7B-9831-9CC757CDAA83}.Release|Any CPU.ActiveCfg = Release|Any CPU
		{FEFED90C-DD10-4B7B-9831-9CC757CDAA83}.Release|Any CPU.Build.0 = Release|Any CPU
		{2C433546-494D-450E-9B03-A9AA48580561}.Debug|Any CPU.ActiveCfg = Debug|Any CPU
		{2C433546-494D-450E-9B03-A9AA48580561}.Debug|Any CPU.Build.0 = Debug|Any CPU
		{2C433546-494D-450E-9B03-A9AA48580561}.Release|Any CPU.ActiveCfg = Release|Any CPU
		{2C433546-494D-450E-9B03-A9AA48580561}.Release|Any CPU.Build.0 = Release|Any CPU
	EndGlobalSection
	GlobalSection(SolutionProperties) = preSolution
		HideSolutionNode = FALSE
	EndGlobalSection
	GlobalSection(ExtensibilityGlobals) = postSolution
		SolutionGuid = {F65C8DAF-538E-4FCE-B56B-C0C75DE78B09}
	EndGlobalSection
EndGlobal
