
Microsoft Visual Studio Solution File, Format Version 12.00
# Visual Studio Version 17
VisualStudioVersion = 17.13.35931.197
MinimumVisualStudioVersion = 10.0.40219.1
Project("{FAE04EC0-301F-11D3-BF4B-00C04F79EFBC}") = "SchoolSystem", "SchoolSystem\SchoolSystem.csproj", "{4E1C6474-A078-4DF3-ABA4-64FF4305CA72}"
EndProject
Global
	GlobalSection(SolutionConfigurationPlatforms) = preSolution
		Debug|Any CPU = Debug|Any CPU
		Release|Any CPU = Release|Any CPU
	EndGlobalSection
	GlobalSection(ProjectConfigurationPlatforms) = postSolution
		{4E1C6474-A078-4DF3-ABA4-64FF4305CA72}.Debug|Any CPU.ActiveCfg = Debug|Any CPU
		{4E1C6474-A078-4DF3-ABA4-64FF4305CA72}.Debug|Any CPU.Build.0 = Debug|Any CPU
		{4E1C6474-A078-4DF3-ABA4-64FF4305CA72}.Release|Any CPU.ActiveCfg = Release|Any CPU
		{4E1C6474-A078-4DF3-ABA4-64FF4305CA72}.Release|Any CPU.Build.0 = Release|Any CPU
	EndGlobalSection
	GlobalSection(SolutionProperties) = preSolution
		HideSolutionNode = FALSE
	EndGlobalSection
	GlobalSection(ExtensibilityGlobals) = postSolution
		SolutionGuid = {63AFCDAD-71EC-4E19-9CC5-6E4F8C7BA42D}
	EndGlobalSection
EndGlobal
