
Microsoft Visual Studio Solution File, Format Version 12.00
# Visual Studio Version 17
VisualStudioVersion = 17.8.34511.84
MinimumVisualStudioVersion = 10.0.40219.1
Project("{9A19103F-16F7-4668-BE54-9A1E7A4F7556}") = "TestApp", "TestApp\TestApp.csproj", "{58D246DC-35C6-4F9E-9775-5ACC99F7B2DD}"
EndProject
Project("{FAE04EC0-301F-11D3-BF4B-00C04F79EFBC}") = "TestApp.DTO", "TestApp.DTO\TestApp.DTO.csproj", "{0C8B431B-DB40-4579-9504-5AE2C6257A52}"
EndProject
Project("{FAE04EC0-301F-11D3-BF4B-00C04F79EFBC}") = "TestApp.DataLayer", "TestApp.DataLayer\TestApp.DataLayer.csproj", "{6D13B01F-87E7-4D1A-A6B0-71359A4FEF7E}"
EndProject
Global
	GlobalSection(SolutionConfigurationPlatforms) = preSolution
		Debug|Any CPU = Debug|Any CPU
		Release|Any CPU = Release|Any CPU
	EndGlobalSection
	GlobalSection(ProjectConfigurationPlatforms) = postSolution
		{58D246DC-35C6-4F9E-9775-5ACC99F7B2DD}.Debug|Any CPU.ActiveCfg = Debug|Any CPU
		{58D246DC-35C6-4F9E-9775-5ACC99F7B2DD}.Debug|Any CPU.Build.0 = Debug|Any CPU
		{58D246DC-35C6-4F9E-9775-5ACC99F7B2DD}.Release|Any CPU.ActiveCfg = Release|Any CPU
		{58D246DC-35C6-4F9E-9775-5ACC99F7B2DD}.Release|Any CPU.Build.0 = Release|Any CPU
		{0C8B431B-DB40-4579-9504-5AE2C6257A52}.Debug|Any CPU.ActiveCfg = Debug|Any CPU
		{0C8B431B-DB40-4579-9504-5AE2C6257A52}.Debug|Any CPU.Build.0 = Debug|Any CPU
		{0C8B431B-DB40-4579-9504-5AE2C6257A52}.Release|Any CPU.ActiveCfg = Release|Any CPU
		{0C8B431B-DB40-4579-9504-5AE2C6257A52}.Release|Any CPU.Build.0 = Release|Any CPU
		{6D13B01F-87E7-4D1A-A6B0-71359A4FEF7E}.Debug|Any CPU.ActiveCfg = Debug|Any CPU
		{6D13B01F-87E7-4D1A-A6B0-71359A4FEF7E}.Debug|Any CPU.Build.0 = Debug|Any CPU
		{6D13B01F-87E7-4D1A-A6B0-71359A4FEF7E}.Release|Any CPU.ActiveCfg = Release|Any CPU
		{6D13B01F-87E7-4D1A-A6B0-71359A4FEF7E}.Release|Any CPU.Build.0 = Release|Any CPU
	EndGlobalSection
	GlobalSection(SolutionProperties) = preSolution
		HideSolutionNode = FALSE
	EndGlobalSection
	GlobalSection(ExtensibilityGlobals) = postSolution
		SolutionGuid = {CAB82224-586A-4ACB-A66A-434BDD538C94}
	EndGlobalSection
EndGlobal
