
Microsoft Visual Studio Solution File, Format Version 12.00
# Visual Studio Version 17
VisualStudioVersion = 17.13.35931.197
MinimumVisualStudioVersion = 10.0.40219.1
Project("{FAE04EC0-301F-11D3-BF4B-00C04F79EFBC}") = "OOPsConcept", "OOPsConcept\OOPsConcept.csproj", "{D2BA1A35-AEFA-4696-AC8E-428B8FF54CC0}"
EndProject
Project("{FAE04EC0-301F-11D3-BF4B-00C04F79EFBC}") = "ConsoleAppForOOPs", "ConsoleAppForOOPs\ConsoleAppForOOPs.csproj", "{21842A16-8FF5-4C8D-B0E3-A17F1A8E085D}"
EndProject
Project("{FAE04EC0-301F-11D3-BF4B-00C04F79EFBC}") = "DataLayer", "DataLayer\DataLayer.csproj", "{1412B867-FB05-4238-B6DE-BED05EBAABB5}"
EndProject
Global
	GlobalSection(SolutionConfigurationPlatforms) = preSolution
		Debug|Any CPU = Debug|Any CPU
		Release|Any CPU = Release|Any CPU
	EndGlobalSection
	GlobalSection(ProjectConfigurationPlatforms) = postSolution
		{D2BA1A35-AEFA-4696-AC8E-428B8FF54CC0}.Debug|Any CPU.ActiveCfg = Debug|Any CPU
		{D2BA1A35-AEFA-4696-AC8E-428B8FF54CC0}.Debug|Any CPU.Build.0 = Debug|Any CPU
		{D2BA1A35-AEFA-4696-AC8E-428B8FF54CC0}.Release|Any CPU.ActiveCfg = Release|Any CPU
		{D2BA1A35-AEFA-4696-AC8E-428B8FF54CC0}.Release|Any CPU.Build.0 = Release|Any CPU
		{21842A16-8FF5-4C8D-B0E3-A17F1A8E085D}.Debug|Any CPU.ActiveCfg = Debug|Any CPU
		{21842A16-8FF5-4C8D-B0E3-A17F1A8E085D}.Debug|Any CPU.Build.0 = Debug|Any CPU
		{21842A16-8FF5-4C8D-B0E3-A17F1A8E085D}.Release|Any CPU.ActiveCfg = Release|Any CPU
		{21842A16-8FF5-4C8D-B0E3-A17F1A8E085D}.Release|Any CPU.Build.0 = Release|Any CPU
		{1412B867-FB05-4238-B6DE-BED05EBAABB5}.Debug|Any CPU.ActiveCfg = Debug|Any CPU
		{1412B867-FB05-4238-B6DE-BED05EBAABB5}.Debug|Any CPU.Build.0 = Debug|Any CPU
		{1412B867-FB05-4238-B6DE-BED05EBAABB5}.Release|Any CPU.ActiveCfg = Release|Any CPU
		{1412B867-FB05-4238-B6DE-BED05EBAABB5}.Release|Any CPU.Build.0 = Release|Any CPU
	EndGlobalSection
	GlobalSection(SolutionProperties) = preSolution
		HideSolutionNode = FALSE
	EndGlobalSection
	GlobalSection(ExtensibilityGlobals) = postSolution
		SolutionGuid = {61B3A7E0-E38B-421D-BC21-046F3B714DCD}
	EndGlobalSection
EndGlobal
