
Microsoft Visual Studio Solution File, Format Version 12.00
# Visual Studio Version 17
VisualStudioVersion = 17.13.35931.197 d17.13
MinimumVisualStudioVersion = 10.0.40219.1
Project("{FAE04EC0-301F-11D3-BF4B-00C04F79EFBC}") = "VehicleManagementSystem", "VehicleManagementSystem\VehicleManagementSystem.csproj", "{973F8193-5F26-491D-922E-3D3980DB4862}"
EndProject
Project("{FAE04EC0-301F-11D3-BF4B-00C04F79EFBC}") = "VMSTest", "VMSTest\VMSTest.csproj", "{00397F58-F68F-49D7-B754-EDEBF77F72FC}"
EndProject
Global
	GlobalSection(SolutionConfigurationPlatforms) = preSolution
		Debug|Any CPU = Debug|Any CPU
		Release|Any CPU = Release|Any CPU
	EndGlobalSection
	GlobalSection(ProjectConfigurationPlatforms) = postSolution
		{973F8193-5F26-491D-922E-3D3980DB4862}.Debug|Any CPU.ActiveCfg = Debug|Any CPU
		{973F8193-5F26-491D-922E-3D3980DB4862}.Debug|Any CPU.Build.0 = Debug|Any CPU
		{973F8193-5F26-491D-922E-3D3980DB4862}.Release|Any CPU.ActiveCfg = Release|Any CPU
		{973F8193-5F26-491D-922E-3D3980DB4862}.Release|Any CPU.Build.0 = Release|Any CPU
		{00397F58-F68F-49D7-B754-EDEBF77F72FC}.Debug|Any CPU.ActiveCfg = Debug|Any CPU
		{00397F58-F68F-49D7-B754-EDEBF77F72FC}.Debug|Any CPU.Build.0 = Debug|Any CPU
		{00397F58-F68F-49D7-B754-EDEBF77F72FC}.Release|Any CPU.ActiveCfg = Release|Any CPU
		{00397F58-F68F-49D7-B754-EDEBF77F72FC}.Release|Any CPU.Build.0 = Release|Any CPU
	EndGlobalSection
	GlobalSection(SolutionProperties) = preSolution
		HideSolutionNode = FALSE
	EndGlobalSection
	GlobalSection(ExtensibilityGlobals) = postSolution
		SolutionGuid = {B7C186F3-CFA3-43D4-84DD-45817A0C95DD}
	EndGlobalSection
EndGlobal
