
Microsoft Visual Studio Solution File, Format Version 12.00
# Visual Studio Version 17
VisualStudioVersion = 17.13.35931.197 d17.13
MinimumVisualStudioVersion = 10.0.40219.1
Project("{FAE04EC0-301F-11D3-BF4B-00C04F79EFBC}") = "testt", "testt\testt.csproj", "{2C3787E3-BEE5-4077-A8BD-B4B7496867B2}"
EndProject
Project("{FAE04EC0-301F-11D3-BF4B-00C04F79EFBC}") = "Entity", "Entity\Entity.csproj", "{CF41728C-DB04-4FE4-9C84-FEF2F458725B}"
EndProject
Project("{FAE04EC0-301F-11D3-BF4B-00C04F79EFBC}") = "DATA", "DATA\DATA.csproj", "{433574DF-665E-42F7-BEA4-9285A8F700D8}"
EndProject
Global
	GlobalSection(SolutionConfigurationPlatforms) = preSolution
		Debug|Any CPU = Debug|Any CPU
		Release|Any CPU = Release|Any CPU
	EndGlobalSection
	GlobalSection(ProjectConfigurationPlatforms) = postSolution
		{2C3787E3-BEE5-4077-A8BD-B4B7496867B2}.Debug|Any CPU.ActiveCfg = Debug|Any CPU
		{2C3787E3-BEE5-4077-A8BD-B4B7496867B2}.Debug|Any CPU.Build.0 = Debug|Any CPU
		{2C3787E3-BEE5-4077-A8BD-B4B7496867B2}.Release|Any CPU.ActiveCfg = Release|Any CPU
		{2C3787E3-BEE5-4077-A8BD-B4B7496867B2}.Release|Any CPU.Build.0 = Release|Any CPU
		{CF41728C-DB04-4FE4-9C84-FEF2F458725B}.Debug|Any CPU.ActiveCfg = Debug|Any CPU
		{CF41728C-DB04-4FE4-9C84-FEF2F458725B}.Debug|Any CPU.Build.0 = Debug|Any CPU
		{CF41728C-DB04-4FE4-9C84-FEF2F458725B}.Release|Any CPU.ActiveCfg = Release|Any CPU
		{CF41728C-DB04-4FE4-9C84-FEF2F458725B}.Release|Any CPU.Build.0 = Release|Any CPU
		{433574DF-665E-42F7-BEA4-9285A8F700D8}.Debug|Any CPU.ActiveCfg = Debug|Any CPU
		{433574DF-665E-42F7-BEA4-9285A8F700D8}.Debug|Any CPU.Build.0 = Debug|Any CPU
		{433574DF-665E-42F7-BEA4-9285A8F700D8}.Release|Any CPU.ActiveCfg = Release|Any CPU
		{433574DF-665E-42F7-BEA4-9285A8F700D8}.Release|Any CPU.Build.0 = Release|Any CPU
	EndGlobalSection
	GlobalSection(SolutionProperties) = preSolution
		HideSolutionNode = FALSE
	EndGlobalSection
	GlobalSection(ExtensibilityGlobals) = postSolution
		SolutionGuid = {ADB75620-A7AB-4D04-A74A-7D2C9F3A350E}
	EndGlobalSection
EndGlobal
