
Microsoft Visual Studio Solution File, Format Version 12.00
# Visual Studio Version 17
VisualStudioVersion = 17.13.35931.197 d17.13
MinimumVisualStudioVersion = 10.0.40219.1
Project("{FAE04EC0-301F-11D3-BF4B-00C04F79EFBC}") = "EmployeeManagementSystem", "Assignment1\EmployeeManagementSystem.csproj", "{078BE1A0-2740-443D-9ACD-6AA2A3DAFC07}"
EndProject
Project("{FAE04EC0-301F-11D3-BF4B-00C04F79EFBC}") = "EMSTest", "Testing\EMSTest.csproj", "{5FC984CE-891F-42BD-BC98-BF6F77B2872E}"
EndProject
Global
	GlobalSection(SolutionConfigurationPlatforms) = preSolution
		Debug|Any CPU = Debug|Any CPU
		Release|Any CPU = Release|Any CPU
	EndGlobalSection
	GlobalSection(ProjectConfigurationPlatforms) = postSolution
		{078BE1A0-2740-443D-9ACD-6AA2A3DAFC07}.Debug|Any CPU.ActiveCfg = Debug|Any CPU
		{078BE1A0-2740-443D-9ACD-6AA2A3DAFC07}.Debug|Any CPU.Build.0 = Debug|Any CPU
		{078BE1A0-2740-443D-9ACD-6AA2A3DAFC07}.Release|Any CPU.ActiveCfg = Release|Any CPU
		{078BE1A0-2740-443D-9ACD-6AA2A3DAFC07}.Release|Any CPU.Build.0 = Release|Any CPU
		{5FC984CE-891F-42BD-BC98-BF6F77B2872E}.Debug|Any CPU.ActiveCfg = Debug|Any CPU
		{5FC984CE-891F-42BD-BC98-BF6F77B2872E}.Debug|Any CPU.Build.0 = Debug|Any CPU
		{5FC984CE-891F-42BD-BC98-BF6F77B2872E}.Release|Any CPU.ActiveCfg = Release|Any CPU
		{5FC984CE-891F-42BD-BC98-BF6F77B2872E}.Release|Any CPU.Build.0 = Release|Any CPU
	EndGlobalSection
	GlobalSection(SolutionProperties) = preSolution
		HideSolutionNode = FALSE
	EndGlobalSection
	GlobalSection(ExtensibilityGlobals) = postSolution
		SolutionGuid = {5EFDE502-10A2-4162-A52B-A9A36AE37CD6}
	EndGlobalSection
EndGlobal
