
Microsoft Visual Studio Solution File, Format Version 12.00
# Visual Studio Version 17
VisualStudioVersion = 17.13.35931.197
MinimumVisualStudioVersion = 10.0.40219.1
Project("{FAE04EC0-301F-11D3-BF4B-00C04F79EFBC}") = "WebApplication1", "WebApplication1\WebApplication1.csproj", "{77FAD086-2575-408A-A80E-8B41A606E7A2}"
EndProject
Project("{FAE04EC0-301F-11D3-BF4B-00C04F79EFBC}") = "DataLayer", "DataLayer\DataLayer.csproj", "{195F6C00-0C34-4FC2-B08C-FB642D097454}"
EndProject
Project("{FAE04EC0-301F-11D3-BF4B-00C04F79EFBC}") = "DTO", "DTO\DTO.csproj", "{153FFD83-92FF-46EF-B91B-0566461AF184}"
EndProject
Global
	GlobalSection(SolutionConfigurationPlatforms) = preSolution
		Debug|Any CPU = Debug|Any CPU
		Release|Any CPU = Release|Any CPU
	EndGlobalSection
	GlobalSection(ProjectConfigurationPlatforms) = postSolution
		{77FAD086-2575-408A-A80E-8B41A606E7A2}.Debug|Any CPU.ActiveCfg = Debug|Any CPU
		{77FAD086-2575-408A-A80E-8B41A606E7A2}.Debug|Any CPU.Build.0 = Debug|Any CPU
		{77FAD086-2575-408A-A80E-8B41A606E7A2}.Release|Any CPU.ActiveCfg = Release|Any CPU
		{77FAD086-2575-408A-A80E-8B41A606E7A2}.Release|Any CPU.Build.0 = Release|Any CPU
		{195F6C00-0C34-4FC2-B08C-FB642D097454}.Debug|Any CPU.ActiveCfg = Debug|Any CPU
		{195F6C00-0C34-4FC2-B08C-FB642D097454}.Debug|Any CPU.Build.0 = Debug|Any CPU
		{195F6C00-0C34-4FC2-B08C-FB642D097454}.Release|Any CPU.ActiveCfg = Release|Any CPU
		{195F6C00-0C34-4FC2-B08C-FB642D097454}.Release|Any CPU.Build.0 = Release|Any CPU
		{153FFD83-92FF-46EF-B91B-0566461AF184}.Debug|Any CPU.ActiveCfg = Debug|Any CPU
		{153FFD83-92FF-46EF-B91B-0566461AF184}.Debug|Any CPU.Build.0 = Debug|Any CPU
		{153FFD83-92FF-46EF-B91B-0566461AF184}.Release|Any CPU.ActiveCfg = Release|Any CPU
		{153FFD83-92FF-46EF-B91B-0566461AF184}.Release|Any CPU.Build.0 = Release|Any CPU
	EndGlobalSection
	GlobalSection(SolutionProperties) = preSolution
		HideSolutionNode = FALSE
	EndGlobalSection
	GlobalSection(ExtensibilityGlobals) = postSolution
		SolutionGuid = {DC9754B3-71C8-457A-A3C7-FBDCD7AD7E34}
	EndGlobalSection
EndGlobal
