
Microsoft Visual Studio Solution File, Format Version 12.00
# Visual Studio Version 17
VisualStudioVersion = 17.13.35931.197 d17.13
MinimumVisualStudioVersion = 10.0.40219.1
Project("{FAE04EC0-301F-11D3-BF4B-00C04F79EFBC}") = "SurveyFeedBackSystem", "SurveyFeedBackSystem\SurveyFeedBackSystem.csproj", "{46A02009-5882-481B-A471-5C71C1049071}"
EndProject
Project("{FAE04EC0-301F-11D3-BF4B-00C04F79EFBC}") = "DTO", "DTO\DTO.csproj", "{BCDE529A-B779-479C-B81C-C33EAF9F9F50}"
EndProject
Project("{FAE04EC0-301F-11D3-BF4B-00C04F79EFBC}") = "Repositry", "Repositry\Repositry.csproj", "{F5E0079A-CFCB-413C-95AE-BF1A2F9CC9AA}"
EndProject
Global
	GlobalSection(SolutionConfigurationPlatforms) = preSolution
		Debug|Any CPU = Debug|Any CPU
		Release|Any CPU = Release|Any CPU
	EndGlobalSection
	GlobalSection(ProjectConfigurationPlatforms) = postSolution
		{46A02009-5882-481B-A471-5C71C1049071}.Debug|Any CPU.ActiveCfg = Debug|Any CPU
		{46A02009-5882-481B-A471-5C71C1049071}.Debug|Any CPU.Build.0 = Debug|Any CPU
		{46A02009-5882-481B-A471-5C71C1049071}.Release|Any CPU.ActiveCfg = Release|Any CPU
		{46A02009-5882-481B-A471-5C71C1049071}.Release|Any CPU.Build.0 = Release|Any CPU
		{BCDE529A-B779-479C-B81C-C33EAF9F9F50}.Debug|Any CPU.ActiveCfg = Debug|Any CPU
		{BCDE529A-B779-479C-B81C-C33EAF9F9F50}.Debug|Any CPU.Build.0 = Debug|Any CPU
		{BCDE529A-B779-479C-B81C-C33EAF9F9F50}.Release|Any CPU.ActiveCfg = Release|Any CPU
		{BCDE529A-B779-479C-B81C-C33EAF9F9F50}.Release|Any CPU.Build.0 = Release|Any CPU
		{F5E0079A-CFCB-413C-95AE-BF1A2F9CC9AA}.Debug|Any CPU.ActiveCfg = Debug|Any CPU
		{F5E0079A-CFCB-413C-95AE-BF1A2F9CC9AA}.Debug|Any CPU.Build.0 = Debug|Any CPU
		{F5E0079A-CFCB-413C-95AE-BF1A2F9CC9AA}.Release|Any CPU.ActiveCfg = Release|Any CPU
		{F5E0079A-CFCB-413C-95AE-BF1A2F9CC9AA}.Release|Any CPU.Build.0 = Release|Any CPU
	EndGlobalSection
	GlobalSection(SolutionProperties) = preSolution
		HideSolutionNode = FALSE
	EndGlobalSection
	GlobalSection(ExtensibilityGlobals) = postSolution
		SolutionGuid = {FF5DF97A-2B88-40EE-AAE4-A4C54AC44E88}
	EndGlobalSection
EndGlobal
