
Microsoft Visual Studio Solution File, Format Version 12.00
# Visual Studio Version 17
VisualStudioVersion = 17.13.35931.197 d17.13
MinimumVisualStudioVersion = 10.0.40219.1
Project("{FAE04EC0-301F-11D3-BF4B-00C04F79EFBC}") = "SchedulerApp", "SchedulerApp\SchedulerApp.csproj", "{6386A7F4-CDE6-4D90-ACBD-88657B3FA223}"
EndProject
Global
	GlobalSection(SolutionConfigurationPlatforms) = preSolution
		Debug|Any CPU = Debug|Any CPU
		Release|Any CPU = Release|Any CPU
	EndGlobalSection
	GlobalSection(ProjectConfigurationPlatforms) = postSolution
		{6386A7F4-CDE6-4D90-ACBD-88657B3FA223}.Debug|Any CPU.ActiveCfg = Debug|Any CPU
		{6386A7F4-CDE6-4D90-ACBD-88657B3FA223}.Debug|Any CPU.Build.0 = Debug|Any CPU
		{6386A7F4-CDE6-4D90-ACBD-88657B3FA223}.Release|Any CPU.ActiveCfg = Release|Any CPU
		{6386A7F4-CDE6-4D90-ACBD-88657B3FA223}.Release|Any CPU.Build.0 = Release|Any CPU
	EndGlobalSection
	GlobalSection(SolutionProperties) = preSolution
		HideSolutionNode = FALSE
	EndGlobalSection
	GlobalSection(ExtensibilityGlobals) = postSolution
		SolutionGuid = {CB28505A-5711-4008-AE7E-8AD6EF6235FE}
	EndGlobalSection
EndGlobal
