
Microsoft Visual Studio Solution File, Format Version 12.00
# Visual Studio Version 17
VisualStudioVersion = 17.13.35931.197 d17.13
MinimumVisualStudioVersion = 10.0.40219.1
Project("{FAE04EC0-301F-11D3-BF4B-00C04F79EFBC}") = "OPSTest", "OPSTest\OPSTest.csproj", "{57E6F3FA-7160-4E65-B83B-AA596EECABED}"
EndProject
Project("{FAE04EC0-301F-11D3-BF4B-00C04F79EFBC}") = "OnlinePaymentSystem", "OnlinePaymentSystem\OnlinePaymentSystem.csproj", "{E8014155-617C-4FDA-B59A-09ED3BAAB50E}"
EndProject
Global
	GlobalSection(SolutionConfigurationPlatforms) = preSolution
		Debug|Any CPU = Debug|Any CPU
		Release|Any CPU = Release|Any CPU
	EndGlobalSection
	GlobalSection(ProjectConfigurationPlatforms) = postSolution
		{57E6F3FA-7160-4E65-B83B-AA596EECABED}.Debug|Any CPU.ActiveCfg = Debug|Any CPU
		{57E6F3FA-7160-4E65-B83B-AA596EECABED}.Debug|Any CPU.Build.0 = Debug|Any CPU
		{57E6F3FA-7160-4E65-B83B-AA596EECABED}.Release|Any CPU.ActiveCfg = Release|Any CPU
		{57E6F3FA-7160-4E65-B83B-AA596EECABED}.Release|Any CPU.Build.0 = Release|Any CPU
		{E8014155-617C-4FDA-B59A-09ED3BAAB50E}.Debug|Any CPU.ActiveCfg = Debug|Any CPU
		{E8014155-617C-4FDA-B59A-09ED3BAAB50E}.Debug|Any CPU.Build.0 = Debug|Any CPU
		{E8014155-617C-4FDA-B59A-09ED3BAAB50E}.Release|Any CPU.ActiveCfg = Release|Any CPU
		{E8014155-617C-4FDA-B59A-09ED3BAAB50E}.Release|Any CPU.Build.0 = Release|Any CPU
	EndGlobalSection
	GlobalSection(SolutionProperties) = preSolution
		HideSolutionNode = FALSE
	EndGlobalSection
	GlobalSection(ExtensibilityGlobals) = postSolution
		SolutionGuid = {550CEAD0-2405-4C04-88FA-8472480158EF}
	EndGlobalSection
EndGlobal
