
Microsoft Visual Studio Solution File, Format Version 12.00
# Visual Studio Version 17
VisualStudioVersion = 17.13.35931.197 d17.13
MinimumVisualStudioVersion = 10.0.40219.1
Project("{FAE04EC0-301F-11D3-BF4B-00C04F79EFBC}") = "MANE", "MANE\MANE.csproj", "{81593A08-0904-4458-AB76-4FA158542894}"
EndProject
Project("{FAE04EC0-301F-11D3-BF4B-00C04F79EFBC}") = "SPRT", "SPRT\SPRT.csproj", "{24709BA2-C3C8-4996-92A7-35328598E93A}"
EndProject
Project("{FAE04EC0-301F-11D3-BF4B-00C04F79EFBC}") = "SHOES", "SHOES\SHOES.csproj", "{651ECA8C-668B-4121-856E-F551B9772463}"
EndProject
Global
	GlobalSection(SolutionConfigurationPlatforms) = preSolution
		Debug|Any CPU = Debug|Any CPU
		Release|Any CPU = Release|Any CPU
	EndGlobalSection
	GlobalSection(ProjectConfigurationPlatforms) = postSolution
		{81593A08-0904-4458-AB76-4FA158542894}.Debug|Any CPU.ActiveCfg = Debug|Any CPU
		{81593A08-0904-4458-AB76-4FA158542894}.Debug|Any CPU.Build.0 = Debug|Any CPU
		{81593A08-0904-4458-AB76-4FA158542894}.Release|Any CPU.ActiveCfg = Release|Any CPU
		{81593A08-0904-4458-AB76-4FA158542894}.Release|Any CPU.Build.0 = Release|Any CPU
		{24709BA2-C3C8-4996-92A7-35328598E93A}.Debug|Any CPU.ActiveCfg = Debug|Any CPU
		{24709BA2-C3C8-4996-92A7-35328598E93A}.Debug|Any CPU.Build.0 = Debug|Any CPU
		{24709BA2-C3C8-4996-92A7-35328598E93A}.Release|Any CPU.ActiveCfg = Release|Any CPU
		{24709BA2-C3C8-4996-92A7-35328598E93A}.Release|Any CPU.Build.0 = Release|Any CPU
		{651ECA8C-668B-4121-856E-F551B9772463}.Debug|Any CPU.ActiveCfg = Debug|Any CPU
		{651ECA8C-668B-4121-856E-F551B9772463}.Debug|Any CPU.Build.0 = Debug|Any CPU
		{651ECA8C-668B-4121-856E-F551B9772463}.Release|Any CPU.ActiveCfg = Release|Any CPU
		{651ECA8C-668B-4121-856E-F551B9772463}.Release|Any CPU.Build.0 = Release|Any CPU
	EndGlobalSection
	GlobalSection(SolutionProperties) = preSolution
		HideSolutionNode = FALSE
	EndGlobalSection
	GlobalSection(ExtensibilityGlobals) = postSolution
		SolutionGuid = {11B84162-06E8-4E63-9FF4-9301EAF44C7D}
	EndGlobalSection
EndGlobal
