
Microsoft Visual Studio Solution File, Format Version 12.00
# Visual Studio Version 17
VisualStudioVersion = 17.8.34511.84
MinimumVisualStudioVersion = 10.0.40219.1
Project("{9A19103F-16F7-4668-BE54-9A1E7A4F7556}") = "TestEFCOre", "TestEFCOre\TestEFCOre.csproj", "{0EBCD11F-45B4-490F-9833-ECFB259ACCC5}"
EndProject
Project("{9A19103F-16F7-4668-BE54-9A1E7A4F7556}") = "TestEFCore.Entity", "TestEFCore.Entity\TestEFCore.Entity.csproj", "{6F5158E9-EDA8-4603-9147-90A5CD21499D}"
EndProject
Project("{9A19103F-16F7-4668-BE54-9A1E7A4F7556}") = "TestEFCore.Repository", "TestEFCore.Repository\TestEFCore.Repository.csproj", "{962269A5-DF02-4591-8A79-0AD47712ACEE}"
EndProject
Project("{FAE04EC0-301F-11D3-BF4B-00C04F79EFBC}") = "TestEfCore.Manager", "TestEfCore.Manager\TestEfCore.Manager.csproj", "{5E5CBCF0-2C24-4322-ACE7-142FA8678CFD}"
EndProject
Project("{FAE04EC0-301F-11D3-BF4B-00C04F79EFBC}") = "TestEFCore.DTO", "TestEFCore.DTO\TestEFCore.DTO.csproj", "{401717F6-207F-4693-AF7F-63A28189FF7A}"
EndProject
Global
	GlobalSection(SolutionConfigurationPlatforms) = preSolution
		Debug|Any CPU = Debug|Any CPU
		Release|Any CPU = Release|Any CPU
	EndGlobalSection
	GlobalSection(ProjectConfigurationPlatforms) = postSolution
		{0EBCD11F-45B4-490F-9833-ECFB259ACCC5}.Debug|Any CPU.ActiveCfg = Debug|Any CPU
		{0EBCD11F-45B4-490F-9833-ECFB259ACCC5}.Debug|Any CPU.Build.0 = Debug|Any CPU
		{0EBCD11F-45B4-490F-9833-ECFB259ACCC5}.Release|Any CPU.ActiveCfg = Release|Any CPU
		{0EBCD11F-45B4-490F-9833-ECFB259ACCC5}.Release|Any CPU.Build.0 = Release|Any CPU
		{6F5158E9-EDA8-4603-9147-90A5CD21499D}.Debug|Any CPU.ActiveCfg = Debug|Any CPU
		{6F5158E9-EDA8-4603-9147-90A5CD21499D}.Debug|Any CPU.Build.0 = Debug|Any CPU
		{6F5158E9-EDA8-4603-9147-90A5CD21499D}.Release|Any CPU.ActiveCfg = Release|Any CPU
		{6F5158E9-EDA8-4603-9147-90A5CD21499D}.Release|Any CPU.Build.0 = Release|Any CPU
		{962269A5-DF02-4591-8A79-0AD47712ACEE}.Debug|Any CPU.ActiveCfg = Debug|Any CPU
		{962269A5-DF02-4591-8A79-0AD47712ACEE}.Debug|Any CPU.Build.0 = Debug|Any CPU
		{962269A5-DF02-4591-8A79-0AD47712ACEE}.Release|Any CPU.ActiveCfg = Release|Any CPU
		{962269A5-DF02-4591-8A79-0AD47712ACEE}.Release|Any CPU.Build.0 = Release|Any CPU
		{5E5CBCF0-2C24-4322-ACE7-142FA8678CFD}.Debug|Any CPU.ActiveCfg = Debug|Any CPU
		{5E5CBCF0-2C24-4322-ACE7-142FA8678CFD}.Debug|Any CPU.Build.0 = Debug|Any CPU
		{5E5CBCF0-2C24-4322-ACE7-142FA8678CFD}.Release|Any CPU.ActiveCfg = Release|Any CPU
		{5E5CBCF0-2C24-4322-ACE7-142FA8678CFD}.Release|Any CPU.Build.0 = Release|Any CPU
		{401717F6-207F-4693-AF7F-63A28189FF7A}.Debug|Any CPU.ActiveCfg = Debug|Any CPU
		{401717F6-207F-4693-AF7F-63A28189FF7A}.Debug|Any CPU.Build.0 = Debug|Any CPU
		{401717F6-207F-4693-AF7F-63A28189FF7A}.Release|Any CPU.ActiveCfg = Release|Any CPU
		{401717F6-207F-4693-AF7F-63A28189FF7A}.Release|Any CPU.Build.0 = Release|Any CPU
	EndGlobalSection
	GlobalSection(SolutionProperties) = preSolution
		HideSolutionNode = FALSE
	EndGlobalSection
	GlobalSection(ExtensibilityGlobals) = postSolution
		SolutionGuid = {E8B08BA7-F5AE-4667-B355-7D9BCD36FCB2}
	EndGlobalSection
EndGlobal
