
Microsoft Visual Studio Solution File, Format Version 12.00
# Visual Studio Version 17
VisualStudioVersion = 17.13.35931.197 d17.13
MinimumVisualStudioVersion = 10.0.40219.1
Project("{FAE04EC0-301F-11D3-BF4B-00C04F79EFBC}") = "Head", "Head\Head.csproj", "{39E08692-350F-4889-8767-EEA18DB1EA19}"
EndProject
Project("{FAE04EC0-301F-11D3-BF4B-00C04F79EFBC}") = "Support", "Support\Support.csproj", "{D4324F74-8EAD-4ACE-BEEB-F8D13077E574}"
EndProject
Project("{FAE04EC0-301F-11D3-BF4B-00C04F79EFBC}") = "Shop", "Shop\Shop.csproj", "{C38B026C-81AC-4811-B5F8-B456A343CA90}"
EndProject
Global
	GlobalSection(SolutionConfigurationPlatforms) = preSolution
		Debug|Any CPU = Debug|Any CPU
		Release|Any CPU = Release|Any CPU
	EndGlobalSection
	GlobalSection(ProjectConfigurationPlatforms) = postSolution
		{39E08692-350F-4889-8767-EEA18DB1EA19}.Debug|Any CPU.ActiveCfg = Debug|Any CPU
		{39E08692-350F-4889-8767-EEA18DB1EA19}.Debug|Any CPU.Build.0 = Debug|Any CPU
		{39E08692-350F-4889-8767-EEA18DB1EA19}.Release|Any CPU.ActiveCfg = Release|Any CPU
		{39E08692-350F-4889-8767-EEA18DB1EA19}.Release|Any CPU.Build.0 = Release|Any CPU
		{D4324F74-8EAD-4ACE-BEEB-F8D13077E574}.Debug|Any CPU.ActiveCfg = Debug|Any CPU
		{D4324F74-8EAD-4ACE-BEEB-F8D13077E574}.Debug|Any CPU.Build.0 = Debug|Any CPU
		{D4324F74-8EAD-4ACE-BEEB-F8D13077E574}.Release|Any CPU.ActiveCfg = Release|Any CPU
		{D4324F74-8EAD-4ACE-BEEB-F8D13077E574}.Release|Any CPU.Build.0 = Release|Any CPU
		{C38B026C-81AC-4811-B5F8-B456A343CA90}.Debug|Any CPU.ActiveCfg = Debug|Any CPU
		{C38B026C-81AC-4811-B5F8-B456A343CA90}.Debug|Any CPU.Build.0 = Debug|Any CPU
		{C38B026C-81AC-4811-B5F8-B456A343CA90}.Release|Any CPU.ActiveCfg = Release|Any CPU
		{C38B026C-81AC-4811-B5F8-B456A343CA90}.Release|Any CPU.Build.0 = Release|Any CPU
	EndGlobalSection
	GlobalSection(SolutionProperties) = preSolution
		HideSolutionNode = FALSE
	EndGlobalSection
	GlobalSection(ExtensibilityGlobals) = postSolution
		SolutionGuid = {AA192BCB-A44A-4919-9889-877ABF24FF66}
	EndGlobalSection
EndGlobal
