
Microsoft Visual Studio Solution File, Format Version 12.00
# Visual Studio Version 17
VisualStudioVersion = 17.13.35931.197 d17.13
MinimumVisualStudioVersion = 10.0.40219.1
Project("{FAE04EC0-301F-11D3-BF4B-00C04F79EFBC}") = "help", "main\help.csproj", "{694DE99D-D473-4EC1-B405-E4BF3128699F}"
EndProject
Project("{FAE04EC0-301F-11D3-BF4B-00C04F79EFBC}") = "main", "help\main.csproj", "{7EA54004-68B0-41C9-BD7B-4A6E406A6983}"
EndProject
Project("{FAE04EC0-301F-11D3-BF4B-00C04F79EFBC}") = "WebApplicationflight", "WebApplicationflight\WebApplicationflight.csproj", "{3DC1A496-3B16-46AA-9D96-E44905A8A6A0}"
EndProject
Global
	GlobalSection(SolutionConfigurationPlatforms) = preSolution
		Debug|Any CPU = Debug|Any CPU
		Release|Any CPU = Release|Any CPU
	EndGlobalSection
	GlobalSection(ProjectConfigurationPlatforms) = postSolution
		{694DE99D-D473-4EC1-B405-E4BF3128699F}.Debug|Any CPU.ActiveCfg = Debug|Any CPU
		{694DE99D-D473-4EC1-B405-E4BF3128699F}.Debug|Any CPU.Build.0 = Debug|Any CPU
		{694DE99D-D473-4EC1-B405-E4BF3128699F}.Release|Any CPU.ActiveCfg = Release|Any CPU
		{694DE99D-D473-4EC1-B405-E4BF3128699F}.Release|Any CPU.Build.0 = Release|Any CPU
		{7EA54004-68B0-41C9-BD7B-4A6E406A6983}.Debug|Any CPU.ActiveCfg = Debug|Any CPU
		{7EA54004-68B0-41C9-BD7B-4A6E406A6983}.Debug|Any CPU.Build.0 = Debug|Any CPU
		{7EA54004-68B0-41C9-BD7B-4A6E406A6983}.Release|Any CPU.ActiveCfg = Release|Any CPU
		{7EA54004-68B0-41C9-BD7B-4A6E406A6983}.Release|Any CPU.Build.0 = Release|Any CPU
		{3DC1A496-3B16-46AA-9D96-E44905A8A6A0}.Debug|Any CPU.ActiveCfg = Debug|Any CPU
		{3DC1A496-3B16-46AA-9D96-E44905A8A6A0}.Debug|Any CPU.Build.0 = Debug|Any CPU
		{3DC1A496-3B16-46AA-9D96-E44905A8A6A0}.Release|Any CPU.ActiveCfg = Release|Any CPU
		{3DC1A496-3B16-46AA-9D96-E44905A8A6A0}.Release|Any CPU.Build.0 = Release|Any CPU
	EndGlobalSection
	GlobalSection(SolutionProperties) = preSolution
		HideSolutionNode = FALSE
	EndGlobalSection
	GlobalSection(ExtensibilityGlobals) = postSolution
		SolutionGuid = {B3B687D7-39A2-4E03-ADA1-8C939CFDF81B}
	EndGlobalSection
EndGlobal
