
Microsoft Visual Studio Solution File, Format Version 12.00
# Visual Studio Version 17
VisualStudioVersion = 17.8.34511.84
MinimumVisualStudioVersion = 10.0.40219.1
Project("{9A19103F-16F7-4668-BE54-9A1E7A4F7556}") = "TestHello", "TestHello\TestHello.csproj", "{19CF6DC6-BA5D-4A8E-A49F-0EE672E44F19}"
EndProject
Project("{9A19103F-16F7-4668-BE54-9A1E7A4F7556}") = "DataMover", "DataMover\DataMover.csproj", "{0725D509-3399-429E-943B-876C2A90E835}"
EndProject
Project("{FAE04EC0-301F-11D3-BF4B-00C04F79EFBC}") = "PropertyTest", "PropertyTest\PropertyTest.csproj", "{F97F9A8D-CD1D-406F-9743-3E109523716C}"
EndProject
Project("{FAE04EC0-301F-11D3-BF4B-00C04F79EFBC}") = "TestApp", "TestApp\TestApp.csproj", "{55F83DED-18A3-4964-BEF9-FB3F729D33B6}"
EndProject
Project("{FAE04EC0-301F-11D3-BF4B-00C04F79EFBC}") = "TypeConversion", "TypeConversion\TypeConversion.csproj", "{003D9439-184E-4AEF-9ECE-5E1B57198606}"
EndProject
Global
	GlobalSection(SolutionConfigurationPlatforms) = preSolution
		Debug|Any CPU = Debug|Any CPU
		Release|Any CPU = Release|Any CPU
	EndGlobalSection
	GlobalSection(ProjectConfigurationPlatforms) = postSolution
		{19CF6DC6-BA5D-4A8E-A49F-0EE672E44F19}.Debug|Any CPU.ActiveCfg = Debug|Any CPU
		{19CF6DC6-BA5D-4A8E-A49F-0EE672E44F19}.Debug|Any CPU.Build.0 = Debug|Any CPU
		{19CF6DC6-BA5D-4A8E-A49F-0EE672E44F19}.Release|Any CPU.ActiveCfg = Release|Any CPU
		{19CF6DC6-BA5D-4A8E-A49F-0EE672E44F19}.Release|Any CPU.Build.0 = Release|Any CPU
		{0725D509-3399-429E-943B-876C2A90E835}.Debug|Any CPU.ActiveCfg = Debug|Any CPU
		{0725D509-3399-429E-943B-876C2A90E835}.Debug|Any CPU.Build.0 = Debug|Any CPU
		{0725D509-3399-429E-943B-876C2A90E835}.Release|Any CPU.ActiveCfg = Release|Any CPU
		{0725D509-3399-429E-943B-876C2A90E835}.Release|Any CPU.Build.0 = Release|Any CPU
		{F97F9A8D-CD1D-406F-9743-3E109523716C}.Debug|Any CPU.ActiveCfg = Debug|Any CPU
		{F97F9A8D-CD1D-406F-9743-3E109523716C}.Debug|Any CPU.Build.0 = Debug|Any CPU
		{F97F9A8D-CD1D-406F-9743-3E109523716C}.Release|Any CPU.ActiveCfg = Release|Any CPU
		{F97F9A8D-CD1D-406F-9743-3E109523716C}.Release|Any CPU.Build.0 = Release|Any CPU
		{55F83DED-18A3-4964-BEF9-FB3F729D33B6}.Debug|Any CPU.ActiveCfg = Debug|Any CPU
		{55F83DED-18A3-4964-BEF9-FB3F729D33B6}.Debug|Any CPU.Build.0 = Debug|Any CPU
		{55F83DED-18A3-4964-BEF9-FB3F729D33B6}.Release|Any CPU.ActiveCfg = Release|Any CPU
		{55F83DED-18A3-4964-BEF9-FB3F729D33B6}.Release|Any CPU.Build.0 = Release|Any CPU
		{003D9439-184E-4AEF-9ECE-5E1B57198606}.Debug|Any CPU.ActiveCfg = Debug|Any CPU
		{003D9439-184E-4AEF-9ECE-5E1B57198606}.Debug|Any CPU.Build.0 = Debug|Any CPU
		{003D9439-184E-4AEF-9ECE-5E1B57198606}.Release|Any CPU.ActiveCfg = Release|Any CPU
		{003D9439-184E-4AEF-9ECE-5E1B57198606}.Release|Any CPU.Build.0 = Release|Any CPU
	EndGlobalSection
	GlobalSection(SolutionProperties) = preSolution
		HideSolutionNode = FALSE
	EndGlobalSection
	GlobalSection(ExtensibilityGlobals) = postSolution
		SolutionGuid = {11FABE9E-92F9-4CB7-8550-4C6C62B2DE0E}
	EndGlobalSection
EndGlobal
