
Microsoft Visual Studio Solution File, Format Version 12.00
# Visual Studio Version 17
VisualStudioVersion = 17.13.35931.197 d17.13
MinimumVisualStudioVersion = 10.0.40219.1
Project("{FAE04EC0-301F-11D3-BF4B-00C04F79EFBC}") = "String_function", "ConsoleApp1\String_function.csproj", "{F2BCFF05-5F91-4CA8-96A3-D461B8D8A9BB}"
EndProject
Global
	GlobalSection(SolutionConfigurationPlatforms) = preSolution
		Debug|Any CPU = Debug|Any CPU
		Release|Any CPU = Release|Any CPU
	EndGlobalSection
	GlobalSection(ProjectConfigurationPlatforms) = postSolution
		{F2BCFF05-5F91-4CA8-96A3-D461B8D8A9BB}.Debug|Any CPU.ActiveCfg = Debug|Any CPU
		{F2BCFF05-5F91-4CA8-96A3-D461B8D8A9BB}.Debug|Any CPU.Build.0 = Debug|Any CPU
		{F2BCFF05-5F91-4CA8-96A3-D461B8D8A9BB}.Release|Any CPU.ActiveCfg = Release|Any CPU
		{F2BCFF05-5F91-4CA8-96A3-D461B8D8A9BB}.Release|Any CPU.Build.0 = Release|Any CPU
	EndGlobalSection
	GlobalSection(SolutionProperties) = preSolution
		HideSolutionNode = FALSE
	EndGlobalSection
	GlobalSection(ExtensibilityGlobals) = postSolution
		SolutionGuid = {F33F7E0F-D02E-41CA-ADBF-BCBC053C34F3}
	EndGlobalSection
EndGlobal
