
Microsoft Visual Studio Solution File, Format Version 12.00
# Visual Studio Version 17
VisualStudioVersion = 17.13.35931.197 d17.13
MinimumVisualStudioVersion = 10.0.40219.1
Project("{FAE04EC0-301F-11D3-BF4B-00C04F79EFBC}") = "StdentManagement", "StdentManagement\StdentManagement.csproj", "{A81328EE-0B5A-4F7E-BED8-12928CB2B972}"
EndProject
Project("{FAE04EC0-301F-11D3-BF4B-00C04F79EFBC}") = "StudentManagement.DTO", "StudentManagementSystem.DTO\StudentManagement.DTO.csproj", "{06D1845F-FB76-41DB-B2F7-4596D673F225}"
EndProject
Project("{FAE04EC0-301F-11D3-BF4B-00C04F79EFBC}") = "StudentManagement.DataLayer", "StudentManagement.DataLayer\StudentManagement.DataLayer.csproj", "{76BE2BB7-6C71-4DBA-8325-54195816B011}"
EndProject
Global
	GlobalSection(SolutionConfigurationPlatforms) = preSolution
		Debug|Any CPU = Debug|Any CPU
		Release|Any CPU = Release|Any CPU
	EndGlobalSection
	GlobalSection(ProjectConfigurationPlatforms) = postSolution
		{A81328EE-0B5A-4F7E-BED8-12928CB2B972}.Debug|Any CPU.ActiveCfg = Debug|Any CPU
		{A81328EE-0B5A-4F7E-BED8-12928CB2B972}.Debug|Any CPU.Build.0 = Debug|Any CPU
		{A81328EE-0B5A-4F7E-BED8-12928CB2B972}.Release|Any CPU.ActiveCfg = Release|Any CPU
		{A81328EE-0B5A-4F7E-BED8-12928CB2B972}.Release|Any CPU.Build.0 = Release|Any CPU
		{06D1845F-FB76-41DB-B2F7-4596D673F225}.Debug|Any CPU.ActiveCfg = Debug|Any CPU
		{06D1845F-FB76-41DB-B2F7-4596D673F225}.Debug|Any CPU.Build.0 = Debug|Any CPU
		{06D1845F-FB76-41DB-B2F7-4596D673F225}.Release|Any CPU.ActiveCfg = Release|Any CPU
		{06D1845F-FB76-41DB-B2F7-4596D673F225}.Release|Any CPU.Build.0 = Release|Any CPU
		{76BE2BB7-6C71-4DBA-8325-54195816B011}.Debug|Any CPU.ActiveCfg = Debug|Any CPU
		{76BE2BB7-6C71-4DBA-8325-54195816B011}.Debug|Any CPU.Build.0 = Debug|Any CPU
		{76BE2BB7-6C71-4DBA-8325-54195816B011}.Release|Any CPU.ActiveCfg = Release|Any CPU
		{76BE2BB7-6C71-4DBA-8325-54195816B011}.Release|Any CPU.Build.0 = Release|Any CPU
	EndGlobalSection
	GlobalSection(SolutionProperties) = preSolution
		HideSolutionNode = FALSE
	EndGlobalSection
	GlobalSection(ExtensibilityGlobals) = postSolution
		SolutionGuid = {2B868ECA-892A-4150-9D32-5132A7A8C351}
	EndGlobalSection
EndGlobal
