
Microsoft Visual Studio Solution File, Format Version 12.00
# Visual Studio Version 17
VisualStudioVersion = 17.8.34511.84
MinimumVisualStudioVersion = 10.0.40219.1
Project("{9A19103F-16F7-4668-BE54-9A1E7A4F7556}") = "TestSample", "ConsoleApp1\TestSample.csproj", "{F89E0A31-458B-49EA-A677-813CDCF75C84}"
EndProject
Project("{9A19103F-16F7-4668-BE54-9A1E7A4F7556}") = "AdavncedCSharp", "AdavncedSharp\AdavncedCSharp.csproj", "{B95857FB-EC22-4D60-B46D-D1F25E8D6FD1}"
EndProject
Project("{9A19103F-16F7-4668-BE54-9A1E7A4F7556}") = "0.DataTypes", "DataTypes\0.DataTypes.csproj", "{7703B3FD-9FC9-49B8-AF72-C48A674871CF}"
EndProject
Project("{9A19103F-16F7-4668-BE54-9A1E7A4F7556}") = "1.Encapsulation", "1.Encapsulation\1.Encapsulation.csproj", "{0DE82226-E491-435B-9748-F4D97AFF0238}"
EndProject
Project("{FAE04EC0-301F-11D3-BF4B-00C04F79EFBC}") = "2.ExceptionHandling", "2.ExceptionHandling\2.ExceptionHandling.csproj", "{8449FB68-18A5-4B07-9711-7D4AEAAA54F8}"
EndProject
Global
	GlobalSection(SolutionConfigurationPlatforms) = preSolution
		Debug|Any CPU = Debug|Any CPU
		Release|Any CPU = Release|Any CPU
	EndGlobalSection
	GlobalSection(ProjectConfigurationPlatforms) = postSolution
		{F89E0A31-458B-49EA-A677-813CDCF75C84}.Debug|Any CPU.ActiveCfg = Debug|Any CPU
		{F89E0A31-458B-49EA-A677-813CDCF75C84}.Debug|Any CPU.Build.0 = Debug|Any CPU
		{F89E0A31-458B-49EA-A677-813CDCF75C84}.Release|Any CPU.ActiveCfg = Release|Any CPU
		{F89E0A31-458B-49EA-A677-813CDCF75C84}.Release|Any CPU.Build.0 = Release|Any CPU
		{B95857FB-EC22-4D60-B46D-D1F25E8D6FD1}.Debug|Any CPU.ActiveCfg = Debug|Any CPU
		{B95857FB-EC22-4D60-B46D-D1F25E8D6FD1}.Debug|Any CPU.Build.0 = Debug|Any CPU
		{B95857FB-EC22-4D60-B46D-D1F25E8D6FD1}.Release|Any CPU.ActiveCfg = Release|Any CPU
		{B95857FB-EC22-4D60-B46D-D1F25E8D6FD1}.Release|Any CPU.Build.0 = Release|Any CPU
		{7703B3FD-9FC9-49B8-AF72-C48A674871CF}.Debug|Any CPU.ActiveCfg = Debug|Any CPU
		{7703B3FD-9FC9-49B8-AF72-C48A674871CF}.Debug|Any CPU.Build.0 = Debug|Any CPU
		{7703B3FD-9FC9-49B8-AF72-C48A674871CF}.Release|Any CPU.ActiveCfg = Release|Any CPU
		{7703B3FD-9FC9-49B8-AF72-C48A674871CF}.Release|Any CPU.Build.0 = Release|Any CPU
		{0DE82226-E491-435B-9748-F4D97AFF0238}.Debug|Any CPU.ActiveCfg = Debug|Any CPU
		{0DE82226-E491-435B-9748-F4D97AFF0238}.Debug|Any CPU.Build.0 = Debug|Any CPU
		{0DE82226-E491-435B-9748-F4D97AFF0238}.Release|Any CPU.ActiveCfg = Release|Any CPU
		{0DE82226-E491-435B-9748-F4D97AFF0238}.Release|Any CPU.Build.0 = Release|Any CPU
		{8449FB68-18A5-4B07-9711-7D4AEAAA54F8}.Debug|Any CPU.ActiveCfg = Debug|Any CPU
		{8449FB68-18A5-4B07-9711-7D4AEAAA54F8}.Debug|Any CPU.Build.0 = Debug|Any CPU
		{8449FB68-18A5-4B07-9711-7D4AEAAA54F8}.Release|Any CPU.ActiveCfg = Release|Any CPU
		{8449FB68-18A5-4B07-9711-7D4AEAAA54F8}.Release|Any CPU.Build.0 = Release|Any CPU
	EndGlobalSection
	GlobalSection(SolutionProperties) = preSolution
		HideSolutionNode = FALSE
	EndGlobalSection
	GlobalSection(ExtensibilityGlobals) = postSolution
		SolutionGuid = {A90CF553-8472-43E0-AAFC-D7610547EBDD}
	EndGlobalSection
EndGlobal
