
Microsoft Visual Studio Solution File, Format Version 12.00
# Visual Studio Version 17
VisualStudioVersion = 17.13.35931.197 d17.13
MinimumVisualStudioVersion = 10.0.40219.1
Project("{FAE04EC0-301F-11D3-BF4B-00C04F79EFBC}") = "Publisher_Subscriber_Event", "Publisher_Subscriber_Event\Publisher_Subscriber_Event.csproj", "{629CDA40-1B7B-456C-9FB1-592843041CE4}"
EndProject
Global
	GlobalSection(SolutionConfigurationPlatforms) = preSolution
		Debug|Any CPU = Debug|Any CPU
		Release|Any CPU = Release|Any CPU
	EndGlobalSection
	GlobalSection(ProjectConfigurationPlatforms) = postSolution
		{629CDA40-1B7B-456C-9FB1-592843041CE4}.Debug|Any CPU.ActiveCfg = Debug|Any CPU
		{629CDA40-1B7B-456C-9FB1-592843041CE4}.Debug|Any CPU.Build.0 = Debug|Any CPU
		{629CDA40-1B7B-456C-9FB1-592843041CE4}.Release|Any CPU.ActiveCfg = Release|Any CPU
		{629CDA40-1B7B-456C-9FB1-592843041CE4}.Release|Any CPU.Build.0 = Release|Any CPU
	EndGlobalSection
	GlobalSection(SolutionProperties) = preSolution
		HideSolutionNode = FALSE
	EndGlobalSection
	GlobalSection(ExtensibilityGlobals) = postSolution
		SolutionGuid = {90D07875-2170-467B-AB5A-8A2BA5DFC303}
	EndGlobalSection
EndGlobal
